# Code generated by scarb DO NOT EDIT.
version = 1

[[package]]
name = "corelib_imports"
version = "0.1.2"
source = "registry+https://scarbs.xyz/"
checksum = "sha256:feeb2b7091634356871a9f9e1c9a2e5095a5fdbd2fbab92bc4b47ff2f8744b04"

[[package]]
name = "falcon"
version = "0.1.0"
dependencies = [
 "corelib_imports",
 "falcon_old",
 "falcon_zknox",
 "snforge_std",
]

[[package]]
name = "falcon_old"
version = "0.1.0"
dependencies = [
 "snforge_std",
]

[[package]]
name = "falcon_zknox"
version = "0.1.0"
dependencies = [
 "corelib_imports",
]

[[package]]
name = "mlkem"
version = "0.1.0"
dependencies = [
 "corelib_imports",
 "snforge_std",
]

[[package]]
name = "snforge_scarb_plugin"
version = "0.55.0"
source = "git+https://github.com/foundry-rs/starknet-foundry?tag=v0.55.0#8891212a4fe99f1787298042f828ebd4e4abe9a3"

[[package]]
name = "snforge_std"
version = "0.55.0"
source = "git+https://github.com/foundry-rs/starknet-foundry?tag=v0.55.0#8891212a4fe99f1787298042f828ebd4e4abe9a3"
dependencies = [
 "snforge_scarb_plugin",
]
